{
  "name": "chameleon",
  "version": "1.0.0",
  "lockfileVersion": 1,
  "requires": true,
  "dependencies": {
    "chameleon-api": {
      "version": "0.4.3",
      "resolved": "https://registry.npmjs.org/chameleon-api/-/chameleon-api-0.4.3.tgz",
      "integrity": "sha512-byqC9UZAlAdVT70Pl5szDRvmLW4T13Gexc0/sZiZleElmpcgkVf78ruT7T7u4ISmuTa5G3oWi680jZevfBk0pA==",
      "requires": {
        "chameleon-bridge": "0.1.0",
        "child_process": "1.0.2",
        "fetch-detector": "1.0.1",
        "fetch-ie8": "1.5.0"
      },
      "dependencies": {
        "chameleon-bridge": {
          "version": "0.1.0",
          "resolved": "https://registry.npmjs.org/chameleon-bridge/-/chameleon-bridge-0.1.0.tgz",
          "integrity": "sha512-1Qc7F4ts0zlfglGn3VnVSPg3SRge37gu5/EQ+Mz8K3vqpRgoXGPN6cRtK+4wrvqox740gml+yWsuV10GY2xB1A=="
        }
      }
    },
    "chameleon-bridge": {
      "version": "0.1.2",
      "resolved": "https://registry.npmjs.org/chameleon-bridge/-/chameleon-bridge-0.1.2.tgz",
      "integrity": "sha512-Nrah3QBWzqXw5C6oSiD/mM2vVZTaRKE58Y1d/iasQa/7vNKNGLhvc/r8FJS6k7kBAgMSJJFLuUd475x2/x5Fbg=="
    },
    "chameleon-runtime": {
      "version": "0.1.4",
      "resolved": "https://registry.npmjs.org/chameleon-runtime/-/chameleon-runtime-0.1.4.tgz",
      "integrity": "sha512-k1/k/b3XVZR+G+2PzdGheyL3QcH43ixGmzmuzS08Wg4H/ZC0lQ6kAieQNl3LtnrkMO0DCbfI5B+Ce36EQEp8bg==",
      "requires": {
        "mobx": "3.6.1"
      }
    },
    "chameleon-scroll": {
      "version": "0.0.3",
      "resolved": "https://registry.npmjs.org/chameleon-scroll/-/chameleon-scroll-0.0.3.tgz",
      "integrity": "sha512-9ru7moY9uU3ZouE74OmZ4pP0YHRXkin+oLvfCqKaXHRhK2Cg8kdFRaofmaLJyokb0R6S4Q7h1IQAsMcFoWkmEA=="
    },
    "chameleon-store": {
      "version": "0.0.3",
      "resolved": "https://registry.npmjs.org/chameleon-store/-/chameleon-store-0.0.3.tgz",
      "integrity": "sha512-f6lmeDW01xnau71iXK52haomD2etmQg+gBvVFO5T84eqs9AxtXiRkYAjxl/rqu+ejFACAm1nWMfAjXldw0lUTQ==",
      "requires": {
        "mobx": "3.6.1",
        "vuex": "3.0.1"
      }
    },
    "chameleon-ui-builtin": {
      "version": "0.2.10-alpha.4",
      "resolved": "https://registry.npmjs.org/chameleon-ui-builtin/-/chameleon-ui-builtin-0.2.10-alpha.4.tgz",
      "integrity": "sha512-/yFZc46cN9mZcQ/Aq1zSxmRQo0LYUoIr+lsy/qH9OIvMV7VeVZCiqPLjgN9vk4U/6817ZRtp3s++ySAz/3u0Lg==",
      "requires": {
        "chameleon-scroll": "0.0.3"
      }
    },
    "child_process": {
      "version": "1.0.2",
      "resolved": "https://registry.npmjs.org/child_process/-/child_process-1.0.2.tgz",
      "integrity": "sha1-sffn/HPSXn/R1FWtyU4UODAYK1o="
    },
    "cml-ui": {
      "version": "0.2.0-alpha.1",
      "resolved": "https://registry.npmjs.org/cml-ui/-/cml-ui-0.2.0-alpha.1.tgz",
      "integrity": "sha512-ZpUR3i1GhLQhQN8yhwxW5aMd7bAcT/hIlmCVQ71D7VxTRnB0L2TJ2Ng3eG7J53yDc2b9MvhYtV7YmAtI38GO7w=="
    },
    "fetch-detector": {
      "version": "1.0.1",
      "resolved": "https://registry.npmjs.org/fetch-detector/-/fetch-detector-1.0.1.tgz",
      "integrity": "sha1-bLPq9zjCcnhi6GiA1hIUI+qkIIM="
    },
    "fetch-ie8": {
      "version": "1.5.0",
      "resolved": "https://registry.npmjs.org/fetch-ie8/-/fetch-ie8-1.5.0.tgz",
      "integrity": "sha1-8RQcP5bLyJN6oxsPvBp3AiD7wVs="
    },
    "mobx": {
      "version": "3.6.1",
      "resolved": "https://registry.npmjs.org/mobx/-/mobx-3.6.1.tgz",
      "integrity": "sha1-rmOo8A4UhadA0Pka4val9o4wO+o="
    },
    "vuex": {
      "version": "3.0.1",
      "resolved": "https://registry.npmjs.org/vuex/-/vuex-3.0.1.tgz",
      "integrity": "sha512-wLoqz0B7DSZtgbWL1ShIBBCjv22GV5U+vcBFox658g6V0s4wZV9P4YjCNyoHSyIBpj1f29JBoNQIqD82cR4O3w=="
    }
  }
}
