{
  "name": "chameleon",
  "version": "1.0.0",
  "lockfileVersion": 1,
  "requires": true,
  "dependencies": {
    "chameleon-api": {
      "version": "0.2.0",
      "resolved": "https://registry.npmjs.org/chameleon-api/-/chameleon-api-0.2.0.tgz",
      "integrity": "sha512-mojW8jCToPkJdX+RsepAe/ijqVC3PhACIulYd0Ap45Xh4iEB0HY/YRQtK9c//M/oqMxpzrUKXTwpNkHjSowQdQ==",
      "requires": {
        "chameleon-bridge": "0.1.0",
        "child_process": "1.0.2",
        "fetch-detector": "1.0.1",
        "fetch-ie8": "1.5.0"
      }
    },
    "chameleon-bridge": {
      "version": "0.1.0",
      "resolved": "https://registry.npmjs.org/chameleon-bridge/-/chameleon-bridge-0.1.0.tgz",
      "integrity": "sha512-1Qc7F4ts0zlfglGn3VnVSPg3SRge37gu5/EQ+Mz8K3vqpRgoXGPN6cRtK+4wrvqox740gml+yWsuV10GY2xB1A=="
    },
    "chameleon-runtime": {
      "version": "0.0.4",
      "resolved": "https://registry.npmjs.org/chameleon-runtime/-/chameleon-runtime-0.0.4.tgz",
      "integrity": "sha512-Ctz2AtTcETVtpjB49NdovzgASXFSTpo7uv17zJkiEN8OPmr5DozbIa2EkBwQgDwmiEdgsrKi4p5GiHI8ozU0Bg==",
      "requires": {
        "mobx": "3.6.1"
      }
    },
    "chameleon-store": {
      "version": "0.0.3",
      "resolved": "https://registry.npmjs.org/chameleon-store/-/chameleon-store-0.0.3.tgz",
      "integrity": "sha512-f6lmeDW01xnau71iXK52haomD2etmQg+gBvVFO5T84eqs9AxtXiRkYAjxl/rqu+ejFACAm1nWMfAjXldw0lUTQ==",
      "requires": {
        "mobx": "3.6.1",
        "vuex": "3.0.1"
      }
    },
    "chameleon-ui-builtin": {
      "version": "0.0.7-alpha",
      "resolved": "https://registry.npmjs.org/chameleon-ui-builtin/-/chameleon-ui-builtin-0.0.7-alpha.tgz",
      "integrity": "sha512-k1FTI1GaGUVBhF3u5vBBZ01mOopi855emBcjkAR123VxOh1ZHh8nxlteDKADT7mTLIinyMsOiSOEO27OcFJbtA==",
      "requires": {
        "chameleon-scroll": "0.0.3"
      },
      "dependencies": {
        "chameleon-scroll": {
          "version": "0.0.3",
          "resolved": "https://registry.npmjs.org/chameleon-scroll/-/chameleon-scroll-0.0.3.tgz",
          "integrity": "sha512-9ru7moY9uU3ZouE74OmZ4pP0YHRXkin+oLvfCqKaXHRhK2Cg8kdFRaofmaLJyokb0R6S4Q7h1IQAsMcFoWkmEA=="
        }
      }
    },
    "child_process": {
      "version": "1.0.2",
      "resolved": "https://registry.npmjs.org/child_process/-/child_process-1.0.2.tgz",
      "integrity": "sha1-sffn/HPSXn/R1FWtyU4UODAYK1o="
    },
    "classnames": {
      "version": "2.2.6",
      "resolved": "https://registry.npmjs.org/classnames/-/classnames-2.2.6.tgz",
      "integrity": "sha512-JR/iSQOSt+LQIWwrwEzJ9uk0xfN3mTVYMwt1Ir5mUcSN6pU+V4zQFFaJsclJbPuAUQH+yfWef6tm7l1quW3C8Q=="
    },
    "cml-ui": {
      "version": "0.0.7-alpha",
      "resolved": "https://registry.npmjs.org/cml-ui/-/cml-ui-0.0.7-alpha.tgz",
      "integrity": "sha512-/O2GrK40igiwelIkfUCYuZQ1bzMeBilAaHFPdxfeF+BneJBH7ARgHhZISwTs8j537pnGYf8svDWUg8iFIZX7pA==",
      "requires": {
        "classnames": "2.2.6"
      }
    },
    "fetch-detector": {
      "version": "1.0.1",
      "resolved": "https://registry.npmjs.org/fetch-detector/-/fetch-detector-1.0.1.tgz",
      "integrity": "sha1-bLPq9zjCcnhi6GiA1hIUI+qkIIM="
    },
    "fetch-ie8": {
      "version": "1.5.0",
      "resolved": "https://registry.npmjs.org/fetch-ie8/-/fetch-ie8-1.5.0.tgz",
      "integrity": "sha1-8RQcP5bLyJN6oxsPvBp3AiD7wVs="
    },
    "mobx": {
      "version": "3.6.1",
      "resolved": "https://registry.npmjs.org/mobx/-/mobx-3.6.1.tgz",
      "integrity": "sha1-rmOo8A4UhadA0Pka4val9o4wO+o="
    },
    "vuex": {
      "version": "3.0.1",
      "resolved": "https://registry.npmjs.org/vuex/-/vuex-3.0.1.tgz",
      "integrity": "sha512-wLoqz0B7DSZtgbWL1ShIBBCjv22GV5U+vcBFox658g6V0s4wZV9P4YjCNyoHSyIBpj1f29JBoNQIqD82cR4O3w=="
    }
  }
}
