{
  "name": "chameleon",
  "version": "1.0.0",
  "lockfileVersion": 1,
  "requires": true,
  "dependencies": {
    "chameleon-api": {
      "version": "0.4.0-alpha.0",
      "resolved": "https://registry.npmjs.org/chameleon-api/-/chameleon-api-0.4.0-alpha.0.tgz",
      "integrity": "sha512-9j5NjNH08rulw4dT7DM4SFnHQV9StSZixYrtcGxwACX1Fq+wSP8Kby3GvB7cXl+zo8yYjaAKQJM9EWb77X6X3A==",
      "requires": {
        "chameleon-bridge": "0.1.0",
        "child_process": "1.0.2",
        "fetch-detector": "1.0.1",
        "fetch-ie8": "1.5.0"
      },
      "dependencies": {
        "chameleon-bridge": {
          "version": "0.1.0",
          "resolved": "https://registry.npmjs.org/chameleon-bridge/-/chameleon-bridge-0.1.0.tgz",
          "integrity": "sha512-1Qc7F4ts0zlfglGn3VnVSPg3SRge37gu5/EQ+Mz8K3vqpRgoXGPN6cRtK+4wrvqox740gml+yWsuV10GY2xB1A=="
        }
      }
    },
    "chameleon-bridge": {
      "version": "0.1.1-alpha.2",
      "resolved": "https://registry.npmjs.org/chameleon-bridge/-/chameleon-bridge-0.1.1-alpha.2.tgz",
      "integrity": "sha512-5IFZPamHYErbMYPD/H+RT5GAmxDqDZ0YlkBAbDGIDm82WFEFlpp7MnDclb1ZjJ2/txz3WmUOQQq/ZvOrVqACJg=="
    },
    "chameleon-runtime": {
      "version": "0.2.0-alpha.0",
      "resolved": "https://registry.npmjs.org/chameleon-runtime/-/chameleon-runtime-0.2.0-alpha.0.tgz",
      "integrity": "sha512-4J8kT+9nqFpPuk+GJawKNDXcjpP4nEOvn7Jp8kbxdZi10dBHdovbX/CncSBuoyL3D1LttVq7ICjHlc9avYMuIQ==",
      "requires": {
        "mobx": "3.6.1"
      }
    },
    "chameleon-scroll": {
      "version": "0.0.3",
      "resolved": "https://registry.npmjs.org/chameleon-scroll/-/chameleon-scroll-0.0.3.tgz",
      "integrity": "sha512-9ru7moY9uU3ZouE74OmZ4pP0YHRXkin+oLvfCqKaXHRhK2Cg8kdFRaofmaLJyokb0R6S4Q7h1IQAsMcFoWkmEA=="
    },
    "chameleon-store": {
      "version": "0.0.3",
      "resolved": "https://registry.npmjs.org/chameleon-store/-/chameleon-store-0.0.3.tgz",
      "integrity": "sha512-f6lmeDW01xnau71iXK52haomD2etmQg+gBvVFO5T84eqs9AxtXiRkYAjxl/rqu+ejFACAm1nWMfAjXldw0lUTQ==",
      "requires": {
        "mobx": "3.6.1",
        "vuex": "3.0.1"
      }
    },
    "chameleon-ui-builtin": {
      "version": "0.1.2",
      "resolved": "https://registry.npmjs.org/chameleon-ui-builtin/-/chameleon-ui-builtin-0.1.2.tgz",
      "integrity": "sha512-Oiqss1kq/12mzgJ9TkPtoBjfib91TfNtJ5e6w8vCgiZ2FtPHFSD00zH0nu7cHdTDDwDdwOhoE7ryWWYqVr4oqw==",
      "requires": {
        "chameleon-scroll": "0.0.3"
      }
    },
    "child_process": {
      "version": "1.0.2",
      "resolved": "https://registry.npmjs.org/child_process/-/child_process-1.0.2.tgz",
      "integrity": "sha1-sffn/HPSXn/R1FWtyU4UODAYK1o="
    },
    "classnames": {
      "version": "2.2.6",
      "resolved": "https://registry.npmjs.org/classnames/-/classnames-2.2.6.tgz",
      "integrity": "sha512-JR/iSQOSt+LQIWwrwEzJ9uk0xfN3mTVYMwt1Ir5mUcSN6pU+V4zQFFaJsclJbPuAUQH+yfWef6tm7l1quW3C8Q=="
    },
    "cml-ui": {
      "version": "0.1.3",
      "resolved": "https://registry.npmjs.org/cml-ui/-/cml-ui-0.1.3.tgz",
      "integrity": "sha512-6XzWbiUwqsoB829gUXCKDS5EjcxCX4cZeBhZnZJrgaDP2ygGjZSp3tnWsgskUa2y78CWuPzMh/1+4TL0gm+nRQ==",
      "requires": {
        "classnames": "2.2.6"
      }
    },
    "fetch-detector": {
      "version": "1.0.1",
      "resolved": "https://registry.npmjs.org/fetch-detector/-/fetch-detector-1.0.1.tgz",
      "integrity": "sha1-bLPq9zjCcnhi6GiA1hIUI+qkIIM="
    },
    "fetch-ie8": {
      "version": "1.5.0",
      "resolved": "https://registry.npmjs.org/fetch-ie8/-/fetch-ie8-1.5.0.tgz",
      "integrity": "sha1-8RQcP5bLyJN6oxsPvBp3AiD7wVs="
    },
    "mobx": {
      "version": "3.6.1",
      "resolved": "https://registry.npmjs.org/mobx/-/mobx-3.6.1.tgz",
      "integrity": "sha1-rmOo8A4UhadA0Pka4val9o4wO+o="
    },
    "vuex": {
      "version": "3.0.1",
      "resolved": "https://registry.npmjs.org/vuex/-/vuex-3.0.1.tgz",
      "integrity": "sha512-wLoqz0B7DSZtgbWL1ShIBBCjv22GV5U+vcBFox658g6V0s4wZV9P4YjCNyoHSyIBpj1f29JBoNQIqD82cR4O3w=="
    }
  }
}
