{
  "name": "chameleon",
  "version": "1.0.0",
  "lockfileVersion": 1,
  "requires": true,
  "dependencies": {
    "chameleon-api": {
      "version": "0.1.0",
      "resolved": "https://registry.npmjs.org/chameleon-api/-/chameleon-api-0.1.0.tgz",
      "integrity": "sha512-3voN7q29/mApCpH4D58dQds2GjmhI7s1DbBpsdg46yKwMHYwW2B7dr6KyVNecnjOHU1fCRs+lgxyB7n4/voQ4Q==",
      "requires": {
        "chameleon-bridge": "0.1.0",
        "fetch-detector": "1.0.1",
        "fetch-ie8": "1.5.0"
      }
    },
    "chameleon-bridge": {
      "version": "0.1.0",
      "resolved": "https://registry.npmjs.org/chameleon-bridge/-/chameleon-bridge-0.1.0.tgz",
      "integrity": "sha512-1Qc7F4ts0zlfglGn3VnVSPg3SRge37gu5/EQ+Mz8K3vqpRgoXGPN6cRtK+4wrvqox740gml+yWsuV10GY2xB1A=="
    },
    "chameleon-runtime": {
      "version": "0.0.3",
      "resolved": "https://registry.npmjs.org/chameleon-runtime/-/chameleon-runtime-0.0.3.tgz",
      "integrity": "sha512-4BZHXmpFPI6+oHvooOf1IcAD5BkjOFwLKSD3/EcL2k9PbZ8m4XZaxdyMwuErdci24c1cgJEcINivOYg4HztbsA==",
      "requires": {
        "mobx": "3.6.1"
      }
    },
    "chameleon-scroll": {
      "version": "0.0.1",
      "resolved": "https://registry.npmjs.org/chameleon-scroll/-/chameleon-scroll-0.0.1.tgz",
      "integrity": "sha512-kpsab4j7dn0dpTseb60Pz8Qz1V7nc/UsElYixaK+n6MQxkCKoHKs25DHZ/4xH2rsWXqnPbAd7Je02zeFkKo7jw=="
    },
    "chameleon-store": {
      "version": "0.0.3",
      "resolved": "https://registry.npmjs.org/chameleon-store/-/chameleon-store-0.0.3.tgz",
      "integrity": "sha512-f6lmeDW01xnau71iXK52haomD2etmQg+gBvVFO5T84eqs9AxtXiRkYAjxl/rqu+ejFACAm1nWMfAjXldw0lUTQ==",
      "requires": {
        "mobx": "3.6.1",
        "vuex": "3.0.1"
      }
    },
    "chameleon-ui-builtin": {
      "version": "0.0.6",
      "resolved": "https://registry.npmjs.org/chameleon-ui-builtin/-/chameleon-ui-builtin-0.0.6.tgz",
      "integrity": "sha512-UwAxxaHdurksKX0m4czx8OjmaBdJZSXs5idVcWh35Zm4JPeHLsusRYQx6UTRCFneJaKwIAYF60TEUotPFBtzNQ==",
      "requires": {
        "chameleon-scroll": "0.0.1"
      }
    },
    "classnames": {
      "version": "2.2.6",
      "resolved": "https://registry.npmjs.org/classnames/-/classnames-2.2.6.tgz",
      "integrity": "sha512-JR/iSQOSt+LQIWwrwEzJ9uk0xfN3mTVYMwt1Ir5mUcSN6pU+V4zQFFaJsclJbPuAUQH+yfWef6tm7l1quW3C8Q=="
    },
    "cml-ui": {
      "version": "0.0.6",
      "resolved": "https://registry.npmjs.org/cml-ui/-/cml-ui-0.0.6.tgz",
      "integrity": "sha512-6Dq+h4AnCYAevIWbJE6EOLobAA1Q78eqvl9BRngRIK7/vmMwU0UYBTd3g72c9G+y42bxGBGlfrcZWKs7PqcP0A==",
      "requires": {
        "classnames": "2.2.6"
      }
    },
    "fetch-detector": {
      "version": "1.0.1",
      "resolved": "https://registry.npmjs.org/fetch-detector/-/fetch-detector-1.0.1.tgz",
      "integrity": "sha1-bLPq9zjCcnhi6GiA1hIUI+qkIIM="
    },
    "fetch-ie8": {
      "version": "1.5.0",
      "resolved": "https://registry.npmjs.org/fetch-ie8/-/fetch-ie8-1.5.0.tgz",
      "integrity": "sha1-8RQcP5bLyJN6oxsPvBp3AiD7wVs="
    },
    "mobx": {
      "version": "3.6.1",
      "resolved": "https://registry.npmjs.org/mobx/-/mobx-3.6.1.tgz",
      "integrity": "sha1-rmOo8A4UhadA0Pka4val9o4wO+o="
    },
    "vuex": {
      "version": "3.0.1",
      "resolved": "https://registry.npmjs.org/vuex/-/vuex-3.0.1.tgz",
      "integrity": "sha512-wLoqz0B7DSZtgbWL1ShIBBCjv22GV5U+vcBFox658g6V0s4wZV9P4YjCNyoHSyIBpj1f29JBoNQIqD82cR4O3w=="
    }
  }
}
