{
	"name": "chameleon-vue-precompiler",
	"version": "1.0.8-alpah.1",
	"lockfileVersion": 1,
	"requires": true,
	"dependencies": {
		"esprima": {
			"version": "4.0.1",
			"resolved": "https://registry.npmjs.org/esprima/-/esprima-4.0.1.tgz",
			"integrity": "sha512-eGuFFw7Upda+g4p+QHvnW0RyTX/SVeJBDM/gCtMARO0cLuT2HcEKnTPvhjV6aGeqrCB/sbNop0Kszm0jsaWU4A=="
		}
	}
}
